// !$*UTF8*$!
{
	archiveVersion = 1;
	classes = {
	};
	objectVersion = 48;
	objects = {

/* Begin PBXBuildFile section */
		DFBF8AB11FDBE78F002C63E9 /* AppDelegate.swift in Sources */ = {isa = PBXBuildFile; fileRef = DFBF8AB01FDBE78F002C63E9 /* AppDelegate.swift */; };
		DFBF8AB31FDBE78F002C63E9 /* ViewController.swift in Sources */ = {isa = PBXBuildFile; fileRef = DFBF8AB21FDBE78F002C63E9 /* ViewController.swift */; };
		DFBF8AB61FDBE78F002C63E9 /* Main.storyboard in Resources */ = {isa = PBXBuildFile; fileRef = DFBF8AB41FDBE78F002C63E9 /* Main.storyboard */; };
		DFBF8AB81FDBE78F002C63E9 /* Assets.xcassets in Resources */ = {isa = PBXBuildFile; fileRef = DFBF8AB71FDBE78F002C63E9 /* Assets.xcassets */; };
		DFBF8ABB1FDBE78F002C63E9 /* LaunchScreen.storyboard in Resources */ = {isa = PBXBuildFile; fileRef = DFBF8AB91FDBE78F002C63E9 /* LaunchScreen.storyboard */; };
/* End PBXBuildFile section */

/* Begin PBXFileReference section */
		DFBF8AAD1FDBE78F002C63E9 /* PreguntasApp.app */ = {isa = PBXFileReference; explicitFileType = wrapper.application; includeInIndex = 0; path = PreguntasApp.app; sourceTree = BUILT_PRODUCTS_DIR; };
		DFBF8AB01FDBE78F002C63E9 /* AppDelegate.swift */ = {isa = PBXFileReference; lastKnownFileType = sourcecode.swift; path = AppDelegate.swift; sourceTree = "<group>"; };
		DFBF8AB21FDBE78F002C63E9 /* ViewController.swift */ = {isa = PBXFileReference; lastKnownFileType = sourcecode.swift; path = ViewController.swift; sourceTree = "<group>"; };
		DFBF8AB51FDBE78F002C63E9 /* Base */ = {isa = PBXFileReference; lastKnownFileType = file.storyboard; name = Base; path = Base.lproj/Main.storyboard; sourceTree = "<group>"; };
		DFBF8AB71FDBE78F002C63E9 /* Assets.xcassets */ = {isa = PBXFileReference; lastKnownFileType = folder.assetcatalog; path = Assets.xcassets; sourceTree = "<group>"; };
		DFBF8ABA1FDBE78F002C63E9 /* Base */ = {isa = PBXFileReference; lastKnownFileType = file.storyboard; name = Base; path = Base.lproj/LaunchScreen.storyboard; sourceTree = "<group>"; };
		DFBF8ABC1FDBE78F002C63E9 /* Info.plist */ = {isa = PBXFileReference; lastKnownFileType = text.plist.xml; path = Info.plist; sourceTree = "<group>"; };
/* End PBXFileReference section */

/* Begin PBXFrameworksBuildPhase section */
		DFBF8AAA1FDBE78F002C63E9 /* Frameworks */ = {
			isa = PBXFrameworksBuildPhase;
			buildActionMask = 2147483647;
			files = (
			);
			runOnlyForDeploymentPostprocessing = 0;
		};
/* End PBXFrameworksBuildPhase section */

/* Begin PBXGroup section */
		DFBF8AA41FDBE78F002C63E9 = {
			isa = PBXGroup;
			children = (
				DFBF8AAF1FDBE78F002C63E9 /* PreguntasApp */,
				DFBF8AAE1FDBE78F002C63E9 /* Products */,
			);
			sourceTree = "<group>";
		};
		DFBF8AAE1FDBE78F002C63E9 /* Products */ = {
			isa = PBXGroup;
			children = (
				DFBF8AAD1FDBE78F002C63E9 /* PreguntasApp.app */,
			);
			name = Products;
			sourceTree = "<group>";
		};
		DFBF8AAF1FDBE78F002C63E9 /* PreguntasApp */ = {
			isa = PBXGroup;
			children = (
				DFBF8AB01FDBE78F002C63E9 /* AppDelegate.swift */,
				DFBF8AB21FDBE78F002C63E9 /* ViewController.swift */,
				DFBF8AB41FDBE78F002C63E9 /* Main.storyboard */,
				DFBF8AB71FDBE78F002C63E9 /* Assets.xcassets */,
				DFBF8AB91FDBE78F002C63E9 /* LaunchScreen.storyboard */,
				DFBF8ABC1FDBE78F002C63E9 /* Info.plist */,
			);
			path = PreguntasApp;
			sourceTree = "<group>";
		};
/* End PBXGroup section */

/* Begin PBXNativeTarget section */
		DFBF8AAC1FDBE78F002C63E9 /* PreguntasApp */ = {
			isa = PBXNativeTarget;
			buildConfigurationList = DFBF8ABF1FDBE78F002C63E9 /* Build configuration list for PBXNativeTarget "PreguntasApp" */;
			buildPhases = (
				DFBF8AA91FDBE78F002C63E9 /* Sources */,
				DFBF8AAA1FDBE78F002C63E9 /* Frameworks */,
				DFBF8AAB1FDBE78F002C63E9 /* Resources */,
			);
			buildRules = (
			);
			dependencies = (
			);
			name = PreguntasApp;
			productName = PreguntasApp;
			productReference = DFBF8AAD1FDBE78F002C63E9 /* PreguntasApp.app */;
			productType = "com.apple.product-type.application";
		};
/* End PBXNativeTarget section */

/* Begin PBXProject section */
		DFBF8AA51FDBE78F002C63E9 /* Project object */ = {
			isa = PBXProject;
			attributes = {
				LastSwiftUpdateCheck = 0900;
				LastUpgradeCheck = 0900;
				ORGANIZATIONNAME = Administrator;
				TargetAttributes = {
					DFBF8AAC1FDBE78F002C63E9 = {
						CreatedOnToolsVersion = 9.0;
						ProvisioningStyle = Automatic;
					};
				};
			};
			buildConfigurationList = DFBF8AA81FDBE78F002C63E9 /* Build configuration list for PBXProject "PreguntasApp" */;
			compatibilityVersion = "Xcode 8.0";
			developmentRegion = en;
			hasScannedForEncodings = 0;
			knownRegions = (
				en,
				Base,
			);
			mainGroup = DFBF8AA41FDBE78F002C63E9;
			productRefGroup = DFBF8AAE1FDBE78F002C63E9 /* Products */;
			projectDirPath = "";
			projectRoot = "";
			targets = (
				DFBF8AAC1FDBE78F002C63E9 /* PreguntasApp */,
			);
		};
/* End PBXProject section */

/* Begin PBXResourcesBuildPhase section */
		DFBF8AAB1FDBE78F002C63E9 /* Resources */ = {
			isa = PBXResourcesBuildPhase;
			buildActionMask = 2147483647;
			files = (
				DFBF8ABB1FDBE78F002C63E9 /* LaunchScreen.storyboard in Resources */,
				DFBF8AB81FDBE78F002C63E9 /* Assets.xcassets in Resources */,
				DFBF8AB61FDBE78F002C63E9 /* Main.storyboard in Resources */,
			);
			runOnlyForDeploymentPostprocessing = 0;
		};
/* End PBXResourcesBuildPhase section */

/* Begin PBXSourcesBuildPhase section */
		DFBF8AA91FDBE78F002C63E9 /* Sources */ = {
			isa = PBXSourcesBuildPhase;
			buildActionMask = 2147483647;
			files = (
				DFBF8AB31FDBE78F002C63E9 /* ViewController.swift in Sources */,
				DFBF8AB11FDBE78F002C63E9 /* AppDelegate.swift in Sources */,
			);
			runOnlyForDeploymentPostprocessing = 0;
		};
/* End PBXSourcesBuildPhase section */

/* Begin PBXVariantGroup section */
		DFBF8AB41FDBE78F002C63E9 /* Main.storyboard */ = {
			isa = PBXVariantGroup;
			children = (
				DFBF8AB51FDBE78F002C63E9 /* Base */,
			);
			name = Main.storyboard;
			sourceTree = "<group>";
		};
		DFBF8AB91FDBE78F002C63E9 /* LaunchScreen.storyboard */ = {
			isa = PBXVariantGroup;
			children = (
				DFBF8ABA1FDBE78F002C63E9 /* Base */,
			);
			name = LaunchScreen.storyboard;
			sourceTree = "<group>";
		};
/* End PBXVariantGroup section */

/* Begin XCBuildConfiguration section */
		DFBF8ABD1FDBE78F002C63E9 /* Debug */ = {
			isa = XCBuildConfiguration;
			buildSettings = {
				ALWAYS_SEARCH_USER_PATHS = NO;
				CLANG_ANALYZER_NONNULL = YES;
				CLANG_ANALYZER_NUMBER_OBJECT_CONVERSION = YES_AGGRESSIVE;
				CLANG_CXX_LANGUAGE_STANDARD = "gnu++14";
				CLANG_CXX_LIBRARY = "libc++";
				CLANG_ENABLE_MODULES = YES;
				CLANG_ENABLE_OBJC_ARC = YES;
				CLANG_WARN_BLOCK_CAPTURE_AUTORELEASING = YES;
				CLANG_WARN_BOOL_CONVERSION = YES;
				CLANG_WARN_COMMA = YES;
				CLANG_WARN_CONSTANT_CONVERSION = YES;
				CLANG_WARN_DIRECT_OBJC_ISA_USAGE = YES_ERROR;
				CLANG_WARN_DOCUMENTATION_COMMENTS = YES;
				CLANG_WARN_EMPTY_BODY = YES;
				CLANG_WARN_ENUM_CONVERSION = YES;
				CLANG_WARN_INFINITE_RECURSION = YES;
				CLANG_WARN_INT_CONVERSION = YES;
				CLANG_WARN_NON_LITERAL_NULL_CONVERSION = YES;
				CLANG_WARN_OBJC_LITERAL_CONVERSION = YES;
				CLANG_WARN_OBJC_ROOT_CLASS = YES_ERROR;
				CLANG_WARN_RANGE_LOOP_ANALYSIS = YES;
				CLANG_WARN_STRICT_PROTOTYPES = YES;
				CLANG_WARN_SUSPICIOUS_MOVE = YES;
				CLANG_WARN_UNGUARDED_AVAILABILITY = YES_AGGRESSIVE;
				CLANG_WARN_UNREACHABLE_CODE = YES;
				CLANG_WARN__DUPLICATE_METHOD_MATCH = YES;
				CODE_SIGN_IDENTITY = "iPhone Developer";
				COPY_PHASE_STRIP = NO;
				DEBUG_INFORMATION_FORMAT = dwarf;
				ENABLE_STRICT_OBJC_MSGSEND = YES;
				ENABLE_TESTABILITY = YES;
				GCC_C_LANGUAGE_STANDARD = gnu11;
				GCC_DYNAMIC_NO_PIC = NO;
				GCC_NO_COMMON_BLOCKS = YES;
				GCC_OPTIMIZATION_LEVEL = 0;
				GCC_PREPROCESSOR_DEFINITIONS = (
					"DEBUG=1",
					"$(inherited)",
				);
				GCC_WARN_64_TO_32_BIT_CONVERSION = YES;
				GCC_WARN_ABOUT_RETURN_TYPE = YES_ERROR;
				GCC_WARN_UNDECLARED_SELECTOR = YES;
				GCC_WARN_UNINITIALIZED_AUTOS = YES_AGGRESSIVE;
				GCC_WARN_UNUSED_FUNCTION = YES;
				GCC_WARN_UNUSED_VARIABLE = YES;
				IPHONEOS_DEPLOYMENT_TARGET = 11.0;
				MTL_ENABLE_DEBUG_INFO = YES;
				ONLY_ACTIVE_ARCH = YES;
				SDKROOT = iphoneos;
				SWIFT_ACTIVE_COMPILATION_CONDITIONS = DEBUG;
				SWIFT_OPTIMIZATION_LEVEL = "-Onone";
			};
			name = Debug;
		};
		DFBF8ABE1FDBE78F002C63E9 /* Release */ = {
			isa = XCBuildConfiguration;
			buildSettings = {
				ALWAYS_SEARCH_USER_PATHS = NO;
				CLANG_ANALYZER_NONNULL = YES;
				CLANG_ANALYZER_NUMBER_OBJECT_CONVERSION = YES_AGGRESSIVE;
				CLANG_CXX_LANGUAGE_STANDARD = "gnu++14";
				CLANG_CXX_LIBRARY = "libc++";
				CLANG_ENABLE_MODULES = YES;
				CLANG_ENABLE_OBJC_ARC = YES;
				CLANG_WARN_BLOCK_CAPTURE_AUTORELEASING = YES;
				CLANG_WARN_BOOL_CONVERSION = YES;
				CLANG_WARN_COMMA = YES;
				CLANG_WARN_CONSTANT_CONVERSION = YES;
				CLANG_WARN_DIRECT_OBJC_ISA_USAGE = YES_ERROR;
				CLANG_WARN_DOCUMENTATION_COMMENTS = YES;
				CLANG_WARN_EMPTY_BODY = YES;
				CLANG_WARN_ENUM_CONVERSION = YES;
				CLANG_WARN_INFINITE_RECURSION = YES;
				CLANG_WARN_INT_CONVERSION = YES;
				CLANG_WARN_NON_LITERAL_NULL_CONVERSION = YES;
				CLANG_WARN_OBJC_LITERAL_CONVERSION = YES;
				CLANG_WARN_OBJC_ROOT_CLASS = YES_ERROR;
				CLANG_WARN_RANGE_LOOP_ANALYSIS = YES;
				CLANG_WARN_STRICT_PROTOTYPES = YES;
				CLANG_WARN_SUSPICIOUS_MOVE = YES;
				CLANG_WARN_UNGUARDED_AVAILABILITY = YES_AGGRESSIVE;
				CLANG_WARN_UNREACHABLE_CODE = YES;
				CLANG_WARN__DUPLICATE_METHOD_MATCH = YES;
				CODE_SIGN_IDENTITY = "iPhone Developer";
				COPY_PHASE_STRIP = NO;
				DEBUG_INFORMATION_FORMAT = "dwarf-with-dsym";
				ENABLE_NS_ASSERTIONS = NO;
				ENABLE_STRICT_OBJC_MSGSEND = YES;
				GCC_C_LANGUAGE_STANDARD = gnu11;
				GCC_NO_COMMON_BLOCKS = YES;
				GCC_WARN_64_TO_32_BIT_CONVERSION = YES;
				GCC_WARN_ABOUT_RETURN_TYPE = YES_ERROR;
				GCC_WARN_UNDECLARED_SELECTOR = YES;
				GCC_WARN_UNINITIALIZED_AUTOS = YES_AGGRESSIVE;
				GCC_WARN_UNUSED_FUNCTION = YES;
				GCC_WARN_UNUSED_VARIABLE = YES;
				IPHONEOS_DEPLOYMENT_TARGET = 11.0;
				MTL_ENABLE_DEBUG_INFO = NO;
				SDKROOT = iphoneos;
				SWIFT_OPTIMIZATION_LEVEL = "-Owholemodule";
				VALIDATE_PRODUCT = YES;
			};
			name = Release;
		};
		DFBF8AC01FDBE78F002C63E9 /* Debug */ = {
			isa = XCBuildConfiguration;
			buildSettings = {
				ASSETCATALOG_COMPILER_APPICON_NAME = AppIcon;
				CODE_SIGN_STYLE = Automatic;
				DEVELOPMENT_TEAM = 96CRG4J22P;
				INFOPLIST_FILE = PreguntasApp/Info.plist;
				LD_RUNPATH_SEARCH_PATHS = "$(inherited) @executable_path/Frameworks";
				PRODUCT_BUNDLE_IDENTIFIER = inclusite.PreguntasApp;
				PRODUCT_NAME = "$(TARGET_NAME)";
				SWIFT_VERSION = 3.0;
				TARGETED_DEVICE_FAMILY = "1,2";
			};
			name = Debug;
		};
		DFBF8AC11FDBE78F002C63E9 /* Release */ = {
			isa = XCBuildConfiguration;
			buildSettings = {
				ASSETCATALOG_COMPILER_APPICON_NAME = AppIcon;
				CODE_SIGN_STYLE = Automatic;
				DEVELOPMENT_TEAM = 96CRG4J22P;
				INFOPLIST_FILE = PreguntasApp/Info.plist;
				LD_RUNPATH_SEARCH_PATHS = "$(inherited) @executable_path/Frameworks";
				PRODUCT_BUNDLE_IDENTIFIER = inclusite.PreguntasApp;
				PRODUCT_NAME = "$(TARGET_NAME)";
				SWIFT_VERSION = 3.0;
				TARGETED_DEVICE_FAMILY = "1,2";
			};
			name = Release;
		};
/* End XCBuildConfiguration section */

/* Begin XCConfigurationList section */
		DFBF8AA81FDBE78F002C63E9 /* Build configuration list for PBXProject "PreguntasApp" */ = {
			isa = XCConfigurationList;
			buildConfigurations = (
				DFBF8ABD1FDBE78F002C63E9 /* Debug */,
				DFBF8ABE1FDBE78F002C63E9 /* Release */,
			);
			defaultConfigurationIsVisible = 0;
			defaultConfigurationName = Release;
		};
		DFBF8ABF1FDBE78F002C63E9 /* Build configuration list for PBXNativeTarget "PreguntasApp" */ = {
			isa = XCConfigurationList;
			buildConfigurations = (
				DFBF8AC01FDBE78F002C63E9 /* Debug */,
				DFBF8AC11FDBE78F002C63E9 /* Release */,
			);
			defaultConfigurationIsVisible = 0;
			defaultConfigurationName = Release;
		};
/* End XCConfigurationList section */
	};
	rootObject = DFBF8AA51FDBE78F002C63E9 /* Project object */;
}
